
Microsoft Visual Studio Solution File, Format Version 12.00
# Visual Studio Version 17
VisualStudioVersion = 17.12.35527.113
MinimumVisualStudioVersion = 10.0.40219.1
Project("{FAE04EC0-301F-11D3-BF4B-00C04F79EFBC}") = "001_Start", "001_Start\001_Start.csproj", "{CC8CEC64-ACB0-4F97-B6EC-A5F7B77D2DCA}"
EndProject
Project("{FAE04EC0-301F-11D3-BF4B-00C04F79EFBC}") = "002_Variables", "002_Variables\002_Variables.csproj", "{F2CFCCD4-FC2B-4ACE-B72A-9B573420E141}"
EndProject
Project("{FAE04EC0-301F-11D3-BF4B-00C04F79EFBC}") = "003_var", "003_var\003_var.csproj", "{6281A0BF-04CB-4CDE-8009-70C5213F1A91}"
EndProject
Project("{FAE04EC0-301F-11D3-BF4B-00C04F79EFBC}") = "004_Cast", "004_Cast\004_Cast.csproj", "{2B4698D3-347D-4B87-9819-5B5409698F15}"
EndProject
Project("{FAE04EC0-301F-11D3-BF4B-00C04F79EFBC}") = "005_if", "005_if\005_if.csproj", "{53F9B954-2811-43F3-8D23-6CC4F265ED33}"
EndProject
Project("{FAE04EC0-301F-11D3-BF4B-00C04F79EFBC}") = "006_Switch", "006_Switch\006_Switch.csproj", "{D06C54F4-9809-4D48-8BE8-4E5B1137901F}"
EndProject
Project("{FAE04EC0-301F-11D3-BF4B-00C04F79EFBC}") = "007_Loop", "007_Loop\007_Loop.csproj", "{65EA99CB-2237-4B44-BC05-9D3D4583CE85}"
EndProject
Project("{FAE04EC0-301F-11D3-BF4B-00C04F79EFBC}") = "008_String", "008_String\008_String.csproj", "{E9A60BF0-B7BD-4B5E-8970-4AA76D22F48C}"
EndProject
Project("{FAE04EC0-301F-11D3-BF4B-00C04F79EFBC}") = "009_Class", "009_Class\009_Class.csproj", "{5BA681DF-8E3C-45CD-992D-19799A4D548D}"
EndProject
Project("{FAE04EC0-301F-11D3-BF4B-00C04F79EFBC}") = "010_GetSet", "010_GetSet\010_GetSet.csproj", "{D0B6F6F5-CCBF-4581-BB20-6D7CE2E1B259}"
EndProject
Project("{FAE04EC0-301F-11D3-BF4B-00C04F79EFBC}") = "011_Inherit", "011_Inherit\011_Inherit.csproj", "{F9721C6D-D878-446F-8726-C257F33331B9}"
EndProject
Project("{FAE04EC0-301F-11D3-BF4B-00C04F79EFBC}") = "012_Override", "012_Override\012_Override.csproj", "{444A9716-D6EB-4872-BCA7-08DD04404333}"
EndProject
Project("{FAE04EC0-301F-11D3-BF4B-00C04F79EFBC}") = "013_Sealed", "013_Sealed\013_Sealed.csproj", "{ED7A8FF5-B083-44ED-8270-669808E067C7}"
EndProject
Project("{FAE04EC0-301F-11D3-BF4B-00C04F79EFBC}") = "014_Abstract", "014_Abstract\014_Abstract.csproj", "{FE71E35F-522C-47DD-98A3-2294A20CB0F7}"
EndProject
Project("{FAE04EC0-301F-11D3-BF4B-00C04F79EFBC}") = "015_Generic", "015_Generic\015_Generic.csproj", "{F578BC2F-B025-4F5E-9D45-24445CC2FDEB}"
EndProject
Project("{FAE04EC0-301F-11D3-BF4B-00C04F79EFBC}") = "016_Indexer", "016_Indexer\016_Indexer.csproj", "{04105CE3-FAFF-4DF1-9568-F55DCF560E6C}"
EndProject
Project("{FAE04EC0-301F-11D3-BF4B-00C04F79EFBC}") = "017_Struct", "017_Struct\017_Struct.csproj", "{1B77E3EF-2835-45BF-A226-57C59A71056A}"
EndProject
Project("{FAE04EC0-301F-11D3-BF4B-00C04F79EFBC}") = "018_Tuple", "018_Tuple\018_Tuple.csproj", "{03A9B8FB-B6F1-430F-AF44-8206ED9380A3}"
EndProject
Project("{FAE04EC0-301F-11D3-BF4B-00C04F79EFBC}") = "019_Record", "019_Record\019_Record.csproj", "{F0716E4E-993A-47C1-B1F2-B4A84C24D19A}"
EndProject
Project("{FAE04EC0-301F-11D3-BF4B-00C04F79EFBC}") = "020_Interface", "020_Interface\020_Interface.csproj", "{EA7434FC-FA2B-4EAE-9472-83D36D0593C9}"
EndProject
Project("{FAE04EC0-301F-11D3-BF4B-00C04F79EFBC}") = "021_Exception", "021_Exception\021_Exception.csproj", "{7348AAF0-10AA-46A5-844D-F907DF86CDA0}"
EndProject
Project("{2150E333-8FDC-42A3-9474-1A3956D46DE8}") = "DataStructure", "DataStructure", "{E708CBB5-924D-4098-AD3B-4E5CE6A5CD4D}"
EndProject
Project("{FAE04EC0-301F-11D3-BF4B-00C04F79EFBC}") = "Dictionary", "Dictionary\Dictionary.csproj", "{CEB761C5-0793-4227-B849-89C74823FCBC}"
EndProject
Global
	GlobalSection(SolutionConfigurationPlatforms) = preSolution
		Debug|Any CPU = Debug|Any CPU
		Release|Any CPU = Release|Any CPU
	EndGlobalSection
	GlobalSection(ProjectConfigurationPlatforms) = postSolution
		{CC8CEC64-ACB0-4F97-B6EC-A5F7B77D2DCA}.Debug|Any CPU.ActiveCfg = Debug|Any CPU
		{CC8CEC64-ACB0-4F97-B6EC-A5F7B77D2DCA}.Debug|Any CPU.Build.0 = Debug|Any CPU
		{CC8CEC64-ACB0-4F97-B6EC-A5F7B77D2DCA}.Release|Any CPU.ActiveCfg = Release|Any CPU
		{CC8CEC64-ACB0-4F97-B6EC-A5F7B77D2DCA}.Release|Any CPU.Build.0 = Release|Any CPU
		{F2CFCCD4-FC2B-4ACE-B72A-9B573420E141}.Debug|Any CPU.ActiveCfg = Debug|Any CPU
		{F2CFCCD4-FC2B-4ACE-B72A-9B573420E141}.Debug|Any CPU.Build.0 = Debug|Any CPU
		{F2CFCCD4-FC2B-4ACE-B72A-9B573420E141}.Release|Any CPU.ActiveCfg = Release|Any CPU
		{F2CFCCD4-FC2B-4ACE-B72A-9B573420E141}.Release|Any CPU.Build.0 = Release|Any CPU
		{6281A0BF-04CB-4CDE-8009-70C5213F1A91}.Debug|Any CPU.ActiveCfg = Debug|Any CPU
		{6281A0BF-04CB-4CDE-8009-70C5213F1A91}.Debug|Any CPU.Build.0 = Debug|Any CPU
		{6281A0BF-04CB-4CDE-8009-70C5213F1A91}.Release|Any CPU.ActiveCfg = Release|Any CPU
		{6281A0BF-04CB-4CDE-8009-70C5213F1A91}.Release|Any CPU.Build.0 = Release|Any CPU
		{2B4698D3-347D-4B87-9819-5B5409698F15}.Debug|Any CPU.ActiveCfg = Debug|Any CPU
		{2B4698D3-347D-4B87-9819-5B5409698F15}.Debug|Any CPU.Build.0 = Debug|Any CPU
		{2B4698D3-347D-4B87-9819-5B5409698F15}.Release|Any CPU.ActiveCfg = Release|Any CPU
		{2B4698D3-347D-4B87-9819-5B5409698F15}.Release|Any CPU.Build.0 = Release|Any CPU
		{53F9B954-2811-43F3-8D23-6CC4F265ED33}.Debug|Any CPU.ActiveCfg = Debug|Any CPU
		{53F9B954-2811-43F3-8D23-6CC4F265ED33}.Debug|Any CPU.Build.0 = Debug|Any CPU
		{53F9B954-2811-43F3-8D23-6CC4F265ED33}.Release|Any CPU.ActiveCfg = Release|Any CPU
		{53F9B954-2811-43F3-8D23-6CC4F265ED33}.Release|Any CPU.Build.0 = Release|Any CPU
		{D06C54F4-9809-4D48-8BE8-4E5B1137901F}.Debug|Any CPU.ActiveCfg = Debug|Any CPU
		{D06C54F4-9809-4D48-8BE8-4E5B1137901F}.Debug|Any CPU.Build.0 = Debug|Any CPU
		{D06C54F4-9809-4D48-8BE8-4E5B1137901F}.Release|Any CPU.ActiveCfg = Release|Any CPU
		{D06C54F4-9809-4D48-8BE8-4E5B1137901F}.Release|Any CPU.Build.0 = Release|Any CPU
		{65EA99CB-2237-4B44-BC05-9D3D4583CE85}.Debug|Any CPU.ActiveCfg = Debug|Any CPU
		{65EA99CB-2237-4B44-BC05-9D3D4583CE85}.Debug|Any CPU.Build.0 = Debug|Any CPU
		{65EA99CB-2237-4B44-BC05-9D3D4583CE85}.Release|Any CPU.ActiveCfg = Release|Any CPU
		{65EA99CB-2237-4B44-BC05-9D3D4583CE85}.Release|Any CPU.Build.0 = Release|Any CPU
		{E9A60BF0-B7BD-4B5E-8970-4AA76D22F48C}.Debug|Any CPU.ActiveCfg = Debug|Any CPU
		{E9A60BF0-B7BD-4B5E-8970-4AA76D22F48C}.Debug|Any CPU.Build.0 = Debug|Any CPU
		{E9A60BF0-B7BD-4B5E-8970-4AA76D22F48C}.Release|Any CPU.ActiveCfg = Release|Any CPU
		{E9A60BF0-B7BD-4B5E-8970-4AA76D22F48C}.Release|Any CPU.Build.0 = Release|Any CPU
		{5BA681DF-8E3C-45CD-992D-19799A4D548D}.Debug|Any CPU.ActiveCfg = Debug|Any CPU
		{5BA681DF-8E3C-45CD-992D-19799A4D548D}.Debug|Any CPU.Build.0 = Debug|Any CPU
		{5BA681DF-8E3C-45CD-992D-19799A4D548D}.Release|Any CPU.ActiveCfg = Release|Any CPU
		{5BA681DF-8E3C-45CD-992D-19799A4D548D}.Release|Any CPU.Build.0 = Release|Any CPU
		{D0B6F6F5-CCBF-4581-BB20-6D7CE2E1B259}.Debug|Any CPU.ActiveCfg = Debug|Any CPU
		{D0B6F6F5-CCBF-4581-BB20-6D7CE2E1B259}.Debug|Any CPU.Build.0 = Debug|Any CPU
		{D0B6F6F5-CCBF-4581-BB20-6D7CE2E1B259}.Release|Any CPU.ActiveCfg = Release|Any CPU
		{D0B6F6F5-CCBF-4581-BB20-6D7CE2E1B259}.Release|Any CPU.Build.0 = Release|Any CPU
		{F9721C6D-D878-446F-8726-C257F33331B9}.Debug|Any CPU.ActiveCfg = Debug|Any CPU
		{F9721C6D-D878-446F-8726-C257F33331B9}.Debug|Any CPU.Build.0 = Debug|Any CPU
		{F9721C6D-D878-446F-8726-C257F33331B9}.Release|Any CPU.ActiveCfg = Release|Any CPU
		{F9721C6D-D878-446F-8726-C257F33331B9}.Release|Any CPU.Build.0 = Release|Any CPU
		{444A9716-D6EB-4872-BCA7-08DD04404333}.Debug|Any CPU.ActiveCfg = Debug|Any CPU
		{444A9716-D6EB-4872-BCA7-08DD04404333}.Debug|Any CPU.Build.0 = Debug|Any CPU
		{444A9716-D6EB-4872-BCA7-08DD04404333}.Release|Any CPU.ActiveCfg = Release|Any CPU
		{444A9716-D6EB-4872-BCA7-08DD04404333}.Release|Any CPU.Build.0 = Release|Any CPU
		{ED7A8FF5-B083-44ED-8270-669808E067C7}.Debug|Any CPU.ActiveCfg = Debug|Any CPU
		{ED7A8FF5-B083-44ED-8270-669808E067C7}.Debug|Any CPU.Build.0 = Debug|Any CPU
		{ED7A8FF5-B083-44ED-8270-669808E067C7}.Release|Any CPU.ActiveCfg = Release|Any CPU
		{ED7A8FF5-B083-44ED-8270-669808E067C7}.Release|Any CPU.Build.0 = Release|Any CPU
		{FE71E35F-522C-47DD-98A3-2294A20CB0F7}.Debug|Any CPU.ActiveCfg = Debug|Any CPU
		{FE71E35F-522C-47DD-98A3-2294A20CB0F7}.Debug|Any CPU.Build.0 = Debug|Any CPU
		{FE71E35F-522C-47DD-98A3-2294A20CB0F7}.Release|Any CPU.ActiveCfg = Release|Any CPU
		{FE71E35F-522C-47DD-98A3-2294A20CB0F7}.Release|Any CPU.Build.0 = Release|Any CPU
		{F578BC2F-B025-4F5E-9D45-24445CC2FDEB}.Debug|Any CPU.ActiveCfg = Debug|Any CPU
		{F578BC2F-B025-4F5E-9D45-24445CC2FDEB}.Debug|Any CPU.Build.0 = Debug|Any CPU
		{F578BC2F-B025-4F5E-9D45-24445CC2FDEB}.Release|Any CPU.ActiveCfg = Release|Any CPU
		{F578BC2F-B025-4F5E-9D45-24445CC2FDEB}.Release|Any CPU.Build.0 = Release|Any CPU
		{04105CE3-FAFF-4DF1-9568-F55DCF560E6C}.Debug|Any CPU.ActiveCfg = Debug|Any CPU
		{04105CE3-FAFF-4DF1-9568-F55DCF560E6C}.Debug|Any CPU.Build.0 = Debug|Any CPU
		{04105CE3-FAFF-4DF1-9568-F55DCF560E6C}.Release|Any CPU.ActiveCfg = Release|Any CPU
		{04105CE3-FAFF-4DF1-9568-F55DCF560E6C}.Release|Any CPU.Build.0 = Release|Any CPU
		{1B77E3EF-2835-45BF-A226-57C59A71056A}.Debug|Any CPU.ActiveCfg = Debug|Any CPU
		{1B77E3EF-2835-45BF-A226-57C59A71056A}.Debug|Any CPU.Build.0 = Debug|Any CPU
		{1B77E3EF-2835-45BF-A226-57C59A71056A}.Release|Any CPU.ActiveCfg = Release|Any CPU
		{1B77E3EF-2835-45BF-A226-57C59A71056A}.Release|Any CPU.Build.0 = Release|Any CPU
		{03A9B8FB-B6F1-430F-AF44-8206ED9380A3}.Debug|Any CPU.ActiveCfg = Debug|Any CPU
		{03A9B8FB-B6F1-430F-AF44-8206ED9380A3}.Debug|Any CPU.Build.0 = Debug|Any CPU
		{03A9B8FB-B6F1-430F-AF44-8206ED9380A3}.Release|Any CPU.ActiveCfg = Release|Any CPU
		{03A9B8FB-B6F1-430F-AF44-8206ED9380A3}.Release|Any CPU.Build.0 = Release|Any CPU
		{F0716E4E-993A-47C1-B1F2-B4A84C24D19A}.Debug|Any CPU.ActiveCfg = Debug|Any CPU
		{F0716E4E-993A-47C1-B1F2-B4A84C24D19A}.Debug|Any CPU.Build.0 = Debug|Any CPU
		{F0716E4E-993A-47C1-B1F2-B4A84C24D19A}.Release|Any CPU.ActiveCfg = Release|Any CPU
		{F0716E4E-993A-47C1-B1F2-B4A84C24D19A}.Release|Any CPU.Build.0 = Release|Any CPU
		{EA7434FC-FA2B-4EAE-9472-83D36D0593C9}.Debug|Any CPU.ActiveCfg = Debug|Any CPU
		{EA7434FC-FA2B-4EAE-9472-83D36D0593C9}.Debug|Any CPU.Build.0 = Debug|Any CPU
		{EA7434FC-FA2B-4EAE-9472-83D36D0593C9}.Release|Any CPU.ActiveCfg = Release|Any CPU
		{EA7434FC-FA2B-4EAE-9472-83D36D0593C9}.Release|Any CPU.Build.0 = Release|Any CPU
		{7348AAF0-10AA-46A5-844D-F907DF86CDA0}.Debug|Any CPU.ActiveCfg = Debug|Any CPU
		{7348AAF0-10AA-46A5-844D-F907DF86CDA0}.Debug|Any CPU.Build.0 = Debug|Any CPU
		{7348AAF0-10AA-46A5-844D-F907DF86CDA0}.Release|Any CPU.ActiveCfg = Release|Any CPU
		{7348AAF0-10AA-46A5-844D-F907DF86CDA0}.Release|Any CPU.Build.0 = Release|Any CPU
		{CEB761C5-0793-4227-B849-89C74823FCBC}.Debug|Any CPU.ActiveCfg = Debug|Any CPU
		{CEB761C5-0793-4227-B849-89C74823FCBC}.Debug|Any CPU.Build.0 = Debug|Any CPU
		{CEB761C5-0793-4227-B849-89C74823FCBC}.Release|Any CPU.ActiveCfg = Release|Any CPU
		{CEB761C5-0793-4227-B849-89C74823FCBC}.Release|Any CPU.Build.0 = Release|Any CPU
	EndGlobalSection
	GlobalSection(SolutionProperties) = preSolution
		HideSolutionNode = FALSE
	EndGlobalSection
	GlobalSection(NestedProjects) = preSolution
		{CEB761C5-0793-4227-B849-89C74823FCBC} = {E708CBB5-924D-4098-AD3B-4E5CE6A5CD4D}
	EndGlobalSection
EndGlobal
